hash: 687fd5769179852bd6d7e4d52a2f664df488228b4fa5181a2f0d6aabfa1cab5a
updated: 2018-06-24T11:07:38.981537-04:00
imports:
- name: github.com/golang/glog
  version: 23def4e6c14b4da8ac2ed8007337bc5eb5007998
- name: github.com/golang/protobuf
  version: 8616e8ee5e20a1704615e6c8d7afcdac06087a67
  subpackages:
  - proto
- name: github.com/gorilla/websocket
  version: 6f34763140ed8887aed6a044912009832b4733d7
- name: github.com/turbonomic/turbo-api
  version: f64fc5992be75359b1f8dc102f4ab1a658d78db3
  subpackages:
  - pkg/api
  - pkg/client
- name: github.com/turbonomic/turbo-go-sdk
  version: 380b8f2f8351e8ef68ea5094f34c247588b750d7
  subpackages:
  - pkg
  - pkg/builder
  - pkg/mediationcontainer
  - pkg/probe
  - pkg/proto
  - pkg/service
  - pkg/supplychain
  - pkg/version
testImports: []
