hash: 4e100ffb5e1be82008f6c870afafe27177c5dd55093de2cb83af7d5e2811587b
updated: 2018-05-29T17:11:40.562108-04:00
imports:
- name: github.com/golang/glog
  version: 23def4e6c14b4da8ac2ed8007337bc5eb5007998
- name: github.com/golang/protobuf
  version: 8616e8ee5e20a1704615e6c8d7afcdac06087a67
  subpackages:
  - proto
- name: github.com/gorilla/websocket
  version: 6f34763140ed8887aed6a044912009832b4733d7
- name: github.com/turbonomic/turbo-api
  version: f64fc5992be75359b1f8dc102f4ab1a658d78db3
  subpackages:
  - pkg/api
  - pkg/client
- name: github.com/turbonomic/turbo-go-sdk
  version: 2481270ab54a9b975fbc9b875ecad8d436a89f81
  subpackages:
  - pkg
  - pkg/builder
  - pkg/mediationcontainer
  - pkg/probe
  - pkg/proto
  - pkg/service
  - pkg/supplychain
  - pkg/version
testImports: []
